
Microsoft Visual Studio Solution File, Format Version 12.00
# Visual Studio Version 17
VisualStudioVersion = 17.3.32922.545
MinimumVisualStudioVersion = 10.0.40219.1
Project("{FAE04EC0-301F-11D3-BF4B-00C04F79EFBC}") = "Chimbank", "Chimbank\Chimbank.csproj", "{29132771-F84A-4293-B203-A3DF51FBB5BE}"
EndProject
Global
	GlobalSection(SolutionConfigurationPlatforms) = preSolution
		Debug|Any CPU = Debug|Any CPU
		Release|Any CPU = Release|Any CPU
	EndGlobalSection
	GlobalSection(ProjectConfigurationPlatforms) = postSolution
		{29132771-F84A-4293-B203-A3DF51FBB5BE}.Debug|Any CPU.ActiveCfg = Debug|Any CPU
		{29132771-F84A-4293-B203-A3DF51FBB5BE}.Debug|Any CPU.Build.0 = Debug|Any CPU
		{29132771-F84A-4293-B203-A3DF51FBB5BE}.Release|Any CPU.ActiveCfg = Release|Any CPU
		{29132771-F84A-4293-B203-A3DF51FBB5BE}.Release|Any CPU.Build.0 = Release|Any CPU
	EndGlobalSection
	GlobalSection(SolutionProperties) = preSolution
		HideSolutionNode = FALSE
	EndGlobalSection
	GlobalSection(ExtensibilityGlobals) = postSolution
		SolutionGuid = {2137CCDF-4A6D-44FD-80CF-317DF7857208}
	EndGlobalSection
EndGlobal
